// !$*UTF8*$!
{
	archiveVersion = 1;
	classes = {
	};
	objectVersion = 46;
	objects = {

/* Begin PBXBuildFile section */
		418B3B881EB8E35300D05CB6 /* AppDelegate.swift in Sources */ = {isa = PBXBuildFile; fileRef = 418B3B871EB8E35300D05CB6 /* AppDelegate.swift */; };
		418B3B8F1EB8E35400D05CB6 /* Assets.xcassets in Resources */ = {isa = PBXBuildFile; fileRef = 418B3B8E1EB8E35400D05CB6 /* Assets.xcassets */; };
		418B3B9D1EB8E35400D05CB6 /* ShareATextbookTests.swift in Sources */ = {isa = PBXBuildFile; fileRef = 418B3B9C1EB8E35400D05CB6 /* ShareATextbookTests.swift */; };
		418B3BA81EB8E35400D05CB6 /* ShareATextbookUITests.swift in Sources */ = {isa = PBXBuildFile; fileRef = 418B3BA71EB8E35400D05CB6 /* ShareATextbookUITests.swift */; };
		5146803A1F132CBD0059CD4A /* BarcodeScannerViewController.swift in Sources */ = {isa = PBXBuildFile; fileRef = 514680381F132CBD0059CD4A /* BarcodeScannerViewController.swift */; };
		5146803B1F132CBD0059CD4A /* PreviewViewController.swift in Sources */ = {isa = PBXBuildFile; fileRef = 514680391F132CBD0059CD4A /* PreviewViewController.swift */; };
		6A2244FC3810DC00C7A03DE3 /* Pods_ShareATextbook.framework in Frameworks */ = {isa = PBXBuildFile; fileRef = DEDAD1AC93AE59F2727198E8 /* Pods_ShareATextbook.framework */; };
		6A3514361F03583C00098ECB /* Security.framework in Frameworks */ = {isa = PBXBuildFile; fileRef = 6A3514351F03583C00098ECB /* Security.framework */; };
		6A35143D1F03660700098ECB /* Login.storyboard in Resources */ = {isa = PBXBuildFile; fileRef = 6A35143C1F03660700098ECB /* Login.storyboard */; };
		6A35143F1F03DE8000098ECB /* GradientView.swift in Sources */ = {isa = PBXBuildFile; fileRef = 6A35143E1F03DE8000098ECB /* GradientView.swift */; };
		6A3514421F03E50500098ECB /* DesignableTextField.swift in Sources */ = {isa = PBXBuildFile; fileRef = 6A3514411F03E50500098ECB /* DesignableTextField.swift */; };
		6A71E5E81F0BC1FE006A51E7 /* SHA512.swift in Sources */ = {isa = PBXBuildFile; fileRef = 6A71E5E71F0BC1FE006A51E7 /* SHA512.swift */; };
		6A71E5EA1F0BD902006A51E7 /* Validation.swift in Sources */ = {isa = PBXBuildFile; fileRef = 6A71E5E91F0BD902006A51E7 /* Validation.swift */; };
		6A8251A11F0C9902006D3B92 /* RegisterDataManager.swift in Sources */ = {isa = PBXBuildFile; fileRef = 6A8251A01F0C9902006D3B92 /* RegisterDataManager.swift */; };
		6A9AB41C1F131E4600CA8396 /* HTTP.swift in Sources */ = {isa = PBXBuildFile; fileRef = 6A9AB41B1F131E4600CA8396 /* HTTP.swift */; };
		6A9AB41E1F131E6D00CA8396 /* SwiftJSON.swift in Sources */ = {isa = PBXBuildFile; fileRef = 6A9AB41D1F131E6D00CA8396 /* SwiftJSON.swift */; };
		6A9AB43C1F131F6A00CA8396 /* Upload.swift in Sources */ = {isa = PBXBuildFile; fileRef = 6A9AB43B1F131F6A00CA8396 /* Upload.swift */; };
		6A9AB43E1F131FB200CA8396 /* RegisterViewController.swift in Sources */ = {isa = PBXBuildFile; fileRef = 6A9AB43D1F131FB200CA8396 /* RegisterViewController.swift */; };
		6A9AB4401F131FD300CA8396 /* CategoryViewController.swift in Sources */ = {isa = PBXBuildFile; fileRef = 6A9AB43F1F131FD300CA8396 /* CategoryViewController.swift */; };
		6A9AB4491F131FE000CA8396 /* UploadViewController.swift in Sources */ = {isa = PBXBuildFile; fileRef = 6A9AB4411F131FE000CA8396 /* UploadViewController.swift */; };
		6A9AB44B1F131FE000CA8396 /* CameraViewController.swift in Sources */ = {isa = PBXBuildFile; fileRef = 6A9AB4431F131FE000CA8396 /* CameraViewController.swift */; };
		6A9AB44C1F131FE000CA8396 /* SearchViewController.swift in Sources */ = {isa = PBXBuildFile; fileRef = 6A9AB4441F131FE000CA8396 /* SearchViewController.swift */; };
		6A9AB44D1F131FE000CA8396 /* ConditionViewController.swift in Sources */ = {isa = PBXBuildFile; fileRef = 6A9AB4451F131FE000CA8396 /* ConditionViewController.swift */; };
		6A9AB44E1F131FE000CA8396 /* DetailsViewController.swift in Sources */ = {isa = PBXBuildFile; fileRef = 6A9AB4461F131FE000CA8396 /* DetailsViewController.swift */; };
		6A9AB44F1F131FE000CA8396 /* HomeViewController.swift in Sources */ = {isa = PBXBuildFile; fileRef = 6A9AB4471F131FE000CA8396 /* HomeViewController.swift */; };
		6A9AB4501F131FE000CA8396 /* BarcodeViewController.swift in Sources */ = {isa = PBXBuildFile; fileRef = 6A9AB4481F131FE000CA8396 /* BarcodeViewController.swift */; };
		6A9AB4521F131FF500CA8396 /* UploadDataManager.swift in Sources */ = {isa = PBXBuildFile; fileRef = 6A9AB4511F131FF500CA8396 /* UploadDataManager.swift */; };
		6A9AB4561F13201B00CA8396 /* Main.storyboard in Resources */ = {isa = PBXBuildFile; fileRef = 6A9AB4531F13201B00CA8396 /* Main.storyboard */; };
		6A9AB4571F13201B00CA8396 /* Upload.storyboard in Resources */ = {isa = PBXBuildFile; fileRef = 6A9AB4541F13201B00CA8396 /* Upload.storyboard */; };
		6A9AB4581F13201B00CA8396 /* Search.storyboard in Resources */ = {isa = PBXBuildFile; fileRef = 6A9AB4551F13201B00CA8396 /* Search.storyboard */; };
		6A9D56671F0691B3009F77AD /* LoginViewController.swift in Sources */ = {isa = PBXBuildFile; fileRef = 6A9D56661F0691B3009F77AD /* LoginViewController.swift */; };
		6A9D56691F077E01009F77AD /* LoginNavigationController.swift in Sources */ = {isa = PBXBuildFile; fileRef = 6A9D56681F077E01009F77AD /* LoginNavigationController.swift */; };
		6A9D566B1F078DBA009F77AD /* Home.storyboard in Resources */ = {isa = PBXBuildFile; fileRef = 6A9D566A1F078DBA009F77AD /* Home.storyboard */; };
		8D258E14A50E1F7B5E26DDB2 /* Pods_ShareATextbookTests.framework in Frameworks */ = {isa = PBXBuildFile; fileRef = 873C60DC19D5D2359DCE7BD7 /* Pods_ShareATextbookTests.framework */; };
		9D70D0249A4CD46C5D2DAED6 /* Pods_ShareATextbookUITests.framework in Frameworks */ = {isa = PBXBuildFile; fileRef = 9C8D43BA0182059C7C42EEEC /* Pods_ShareATextbookUITests.framework */; };
/* End PBXBuildFile section */

/* Begin PBXContainerItemProxy section */
		418B3B991EB8E35400D05CB6 /* PBXContainerItemProxy */ = {
			isa = PBXContainerItemProxy;
			containerPortal = 418B3B7C1EB8E35300D05CB6 /* Project object */;
			proxyType = 1;
			remoteGlobalIDString = 418B3B831EB8E35300D05CB6;
			remoteInfo = ShareATextbook;
		};
		418B3BA41EB8E35400D05CB6 /* PBXContainerItemProxy */ = {
			isa = PBXContainerItemProxy;
			containerPortal = 418B3B7C1EB8E35300D05CB6 /* Project object */;
			proxyType = 1;
			remoteGlobalIDString = 418B3B831EB8E35300D05CB6;
			remoteInfo = ShareATextbook;
		};
/* End PBXContainerItemProxy section */

/* Begin PBXFileReference section */
		4101F1BDC2931E0C50CE6C10 /* Pods-ShareATextbook.release.xcconfig */ = {isa = PBXFileReference; includeInIndex = 1; lastKnownFileType = text.xcconfig; name = "Pods-ShareATextbook.release.xcconfig"; path = "Pods/Target Support Files/Pods-ShareATextbook/Pods-ShareATextbook.release.xcconfig"; sourceTree = "<group>"; };
		418B3B841EB8E35300D05CB6 /* ShareATextbook.app */ = {isa = PBXFileReference; explicitFileType = wrapper.application; includeInIndex = 0; path = ShareATextbook.app; sourceTree = BUILT_PRODUCTS_DIR; };
		418B3B871EB8E35300D05CB6 /* AppDelegate.swift */ = {isa = PBXFileReference; lastKnownFileType = sourcecode.swift; path = AppDelegate.swift; sourceTree = "<group>"; };
		418B3B8E1EB8E35400D05CB6 /* Assets.xcassets */ = {isa = PBXFileReference; lastKnownFileType = folder.assetcatalog; path = Assets.xcassets; sourceTree = "<group>"; };
		418B3B931EB8E35400D05CB6 /* Info.plist */ = {isa = PBXFileReference; lastKnownFileType = text.plist.xml; path = Info.plist; sourceTree = "<group>"; };
		418B3B981EB8E35400D05CB6 /* ShareATextbookTests.xctest */ = {isa = PBXFileReference; explicitFileType = wrapper.cfbundle; includeInIndex = 0; path = ShareATextbookTests.xctest; sourceTree = BUILT_PRODUCTS_DIR; };
		418B3B9C1EB8E35400D05CB6 /* ShareATextbookTests.swift */ = {isa = PBXFileReference; lastKnownFileType = sourcecode.swift; path = ShareATextbookTests.swift; sourceTree = "<group>"; };
		418B3B9E1EB8E35400D05CB6 /* Info.plist */ = {isa = PBXFileReference; lastKnownFileType = text.plist.xml; path = Info.plist; sourceTree = "<group>"; };
		418B3BA31EB8E35400D05CB6 /* ShareATextbookUITests.xctest */ = {isa = PBXFileReference; explicitFileType = wrapper.cfbundle; includeInIndex = 0; path = ShareATextbookUITests.xctest; sourceTree = BUILT_PRODUCTS_DIR; };
		418B3BA71EB8E35400D05CB6 /* ShareATextbookUITests.swift */ = {isa = PBXFileReference; lastKnownFileType = sourcecode.swift; path = ShareATextbookUITests.swift; sourceTree = "<group>"; };
		418B3BA91EB8E35400D05CB6 /* Info.plist */ = {isa = PBXFileReference; lastKnownFileType = text.plist.xml; path = Info.plist; sourceTree = "<group>"; };
		4A7DF222E5CD0500A0FCB288 /* Pods-ShareATextbookUITests.debug.xcconfig */ = {isa = PBXFileReference; includeInIndex = 1; lastKnownFileType = text.xcconfig; name = "Pods-ShareATextbookUITests.debug.xcconfig"; path = "Pods/Target Support Files/Pods-ShareATextbookUITests/Pods-ShareATextbookUITests.debug.xcconfig"; sourceTree = "<group>"; };
		514680381F132CBD0059CD4A /* BarcodeScannerViewController.swift */ = {isa = PBXFileReference; fileEncoding = 4; lastKnownFileType = sourcecode.swift; path = BarcodeScannerViewController.swift; sourceTree = "<group>"; };
		514680391F132CBD0059CD4A /* PreviewViewController.swift */ = {isa = PBXFileReference; fileEncoding = 4; lastKnownFileType = sourcecode.swift; path = PreviewViewController.swift; sourceTree = "<group>"; };
		5F0012F84DCD09E759E02EE8 /* Pods-ShareATextbook.debug.xcconfig */ = {isa = PBXFileReference; includeInIndex = 1; lastKnownFileType = text.xcconfig; name = "Pods-ShareATextbook.debug.xcconfig"; path = "Pods/Target Support Files/Pods-ShareATextbook/Pods-ShareATextbook.debug.xcconfig"; sourceTree = "<group>"; };
		6A3514351F03583C00098ECB /* Security.framework */ = {isa = PBXFileReference; lastKnownFileType = wrapper.framework; name = Security.framework; path = System/Library/Frameworks/Security.framework; sourceTree = SDKROOT; };
		6A3514371F03588100098ECB /* bridgingHeader.h */ = {isa = PBXFileReference; lastKnownFileType = sourcecode.c.h; name = bridgingHeader.h; path = ../bridgingHeader.h; sourceTree = "<group>"; };
		6A35143C1F03660700098ECB /* Login.storyboard */ = {isa = PBXFileReference; fileEncoding = 4; lastKnownFileType = file.storyboard; path = Login.storyboard; sourceTree = "<group>"; };
		6A35143E1F03DE8000098ECB /* GradientView.swift */ = {isa = PBXFileReference; fileEncoding = 4; lastKnownFileType = sourcecode.swift; path = GradientView.swift; sourceTree = "<group>"; };
		6A3514411F03E50500098ECB /* DesignableTextField.swift */ = {isa = PBXFileReference; fileEncoding = 4; lastKnownFileType = sourcecode.swift; path = DesignableTextField.swift; sourceTree = "<group>"; };
		6A71E5E71F0BC1FE006A51E7 /* SHA512.swift */ = {isa = PBXFileReference; fileEncoding = 4; lastKnownFileType = sourcecode.swift; path = SHA512.swift; sourceTree = "<group>"; };
		6A71E5E91F0BD902006A51E7 /* Validation.swift */ = {isa = PBXFileReference; fileEncoding = 4; lastKnownFileType = sourcecode.swift; path = Validation.swift; sourceTree = "<group>"; };
		6A71E5F21F0C19CB006A51E7 /* FBBridgingHeader.h */ = {isa = PBXFileReference; lastKnownFileType = sourcecode.c.h; path = FBBridgingHeader.h; sourceTree = "<group>"; };
		6A82519E1F0C7A43006D3B92 /* ShareATextbook.entitlements */ = {isa = PBXFileReference; lastKnownFileType = text.plist.entitlements; path = ShareATextbook.entitlements; sourceTree = "<group>"; };
		6A8251A01F0C9902006D3B92 /* RegisterDataManager.swift */ = {isa = PBXFileReference; fileEncoding = 4; lastKnownFileType = sourcecode.swift; path = RegisterDataManager.swift; sourceTree = "<group>"; };
		6A9AB41B1F131E4600CA8396 /* HTTP.swift */ = {isa = PBXFileReference; fileEncoding = 4; lastKnownFileType = sourcecode.swift; path = HTTP.swift; sourceTree = "<group>"; };
		6A9AB41D1F131E6D00CA8396 /* SwiftJSON.swift */ = {isa = PBXFileReference; fileEncoding = 4; lastKnownFileType = sourcecode.swift; path = SwiftJSON.swift; sourceTree = "<group>"; };
		6A9AB43B1F131F6A00CA8396 /* Upload.swift */ = {isa = PBXFileReference; fileEncoding = 4; lastKnownFileType = sourcecode.swift; path = Upload.swift; sourceTree = "<group>"; };
		6A9AB43D1F131FB200CA8396 /* RegisterViewController.swift */ = {isa = PBXFileReference; fileEncoding = 4; lastKnownFileType = sourcecode.swift; path = RegisterViewController.swift; sourceTree = "<group>"; };
		6A9AB43F1F131FD300CA8396 /* CategoryViewController.swift */ = {isa = PBXFileReference; fileEncoding = 4; lastKnownFileType = sourcecode.swift; path = CategoryViewController.swift; sourceTree = "<group>"; };
		6A9AB4411F131FE000CA8396 /* UploadViewController.swift */ = {isa = PBXFileReference; fileEncoding = 4; lastKnownFileType = sourcecode.swift; path = UploadViewController.swift; sourceTree = "<group>"; };
		6A9AB4431F131FE000CA8396 /* CameraViewController.swift */ = {isa = PBXFileReference; fileEncoding = 4; lastKnownFileType = sourcecode.swift; path = CameraViewController.swift; sourceTree = "<group>"; };
		6A9AB4441F131FE000CA8396 /* SearchViewController.swift */ = {isa = PBXFileReference; fileEncoding = 4; lastKnownFileType = sourcecode.swift; path = SearchViewController.swift; sourceTree = "<group>"; };
		6A9AB4451F131FE000CA8396 /* ConditionViewController.swift */ = {isa = PBXFileReference; fileEncoding = 4; lastKnownFileType = sourcecode.swift; path = ConditionViewController.swift; sourceTree = "<group>"; };
		6A9AB4461F131FE000CA8396 /* DetailsViewController.swift */ = {isa = PBXFileReference; fileEncoding = 4; lastKnownFileType = sourcecode.swift; path = DetailsViewController.swift; sourceTree = "<group>"; };
		6A9AB4471F131FE000CA8396 /* HomeViewController.swift */ = {isa = PBXFileReference; fileEncoding = 4; lastKnownFileType = sourcecode.swift; path = HomeViewController.swift; sourceTree = "<group>"; };
		6A9AB4481F131FE000CA8396 /* BarcodeViewController.swift */ = {isa = PBXFileReference; fileEncoding = 4; lastKnownFileType = sourcecode.swift; path = BarcodeViewController.swift; sourceTree = "<group>"; };
		6A9AB4511F131FF500CA8396 /* UploadDataManager.swift */ = {isa = PBXFileReference; fileEncoding = 4; lastKnownFileType = sourcecode.swift; path = UploadDataManager.swift; sourceTree = "<group>"; };
		6A9AB4531F13201B00CA8396 /* Main.storyboard */ = {isa = PBXFileReference; fileEncoding = 4; lastKnownFileType = file.storyboard; path = Main.storyboard; sourceTree = "<group>"; };
		6A9AB4541F13201B00CA8396 /* Upload.storyboard */ = {isa = PBXFileReference; fileEncoding = 4; lastKnownFileType = file.storyboard; path = Upload.storyboard; sourceTree = "<group>"; };
		6A9AB4551F13201B00CA8396 /* Search.storyboard */ = {isa = PBXFileReference; fileEncoding = 4; lastKnownFileType = file.storyboard; path = Search.storyboard; sourceTree = "<group>"; };
		6A9D56661F0691B3009F77AD /* LoginViewController.swift */ = {isa = PBXFileReference; fileEncoding = 4; lastKnownFileType = sourcecode.swift; path = LoginViewController.swift; sourceTree = "<group>"; };
		6A9D56681F077E01009F77AD /* LoginNavigationController.swift */ = {isa = PBXFileReference; fileEncoding = 4; lastKnownFileType = sourcecode.swift; path = LoginNavigationController.swift; sourceTree = "<group>"; };
		6A9D566A1F078DBA009F77AD /* Home.storyboard */ = {isa = PBXFileReference; fileEncoding = 4; lastKnownFileType = file.storyboard; path = Home.storyboard; sourceTree = "<group>"; };
		76EE4C131E5E94275BDF8594 /* Pods-ShareATextbookTests.release.xcconfig */ = {isa = PBXFileReference; includeInIndex = 1; lastKnownFileType = text.xcconfig; name = "Pods-ShareATextbookTests.release.xcconfig"; path = "Pods/Target Support Files/Pods-ShareATextbookTests/Pods-ShareATextbookTests.release.xcconfig"; sourceTree = "<group>"; };
		873C60DC19D5D2359DCE7BD7 /* Pods_ShareATextbookTests.framework */ = {isa = PBXFileReference; explicitFileType = wrapper.framework; includeInIndex = 0; path = Pods_ShareATextbookTests.framework; sourceTree = BUILT_PRODUCTS_DIR; };
		99029A339FDC00712F9C8792 /* Pods-ShareATextbookUITests.release.xcconfig */ = {isa = PBXFileReference; includeInIndex = 1; lastKnownFileType = text.xcconfig; name = "Pods-ShareATextbookUITests.release.xcconfig"; path = "Pods/Target Support Files/Pods-ShareATextbookUITests/Pods-ShareATextbookUITests.release.xcconfig"; sourceTree = "<group>"; };
		9C8D43BA0182059C7C42EEEC /* Pods_ShareATextbookUITests.framework */ = {isa = PBXFileReference; explicitFileType = wrapper.framework; includeInIndex = 0; path = Pods_ShareATextbookUITests.framework; sourceTree = BUILT_PRODUCTS_DIR; };
		DEDAD1AC93AE59F2727198E8 /* Pods_ShareATextbook.framework */ = {isa = PBXFileReference; explicitFileType = wrapper.framework; includeInIndex = 0; path = Pods_ShareATextbook.framework; sourceTree = BUILT_PRODUCTS_DIR; };
		F038AB7CD17F628C26CD7B0F /* Pods-ShareATextbookTests.debug.xcconfig */ = {isa = PBXFileReference; includeInIndex = 1; lastKnownFileType = text.xcconfig; name = "Pods-ShareATextbookTests.debug.xcconfig"; path = "Pods/Target Support Files/Pods-ShareATextbookTests/Pods-ShareATextbookTests.debug.xcconfig"; sourceTree = "<group>"; };
/* End PBXFileReference section */

/* Begin PBXFrameworksBuildPhase section */
		418B3B811EB8E35300D05CB6 /* Frameworks */ = {
			isa = PBXFrameworksBuildPhase;
			buildActionMask = 2147483647;
			files = (
				6A3514361F03583C00098ECB /* Security.framework in Frameworks */,
				6A2244FC3810DC00C7A03DE3 /* Pods_ShareATextbook.framework in Frameworks */,
			);
			runOnlyForDeploymentPostprocessing = 0;
		};
		418B3B951EB8E35400D05CB6 /* Frameworks */ = {
			isa = PBXFrameworksBuildPhase;
			buildActionMask = 2147483647;
			files = (
				8D258E14A50E1F7B5E26DDB2 /* Pods_ShareATextbookTests.framework in Frameworks */,
			);
			runOnlyForDeploymentPostprocessing = 0;
		};
		418B3BA01EB8E35400D05CB6 /* Frameworks */ = {
			isa = PBXFrameworksBuildPhase;
			buildActionMask = 2147483647;
			files = (
				9D70D0249A4CD46C5D2DAED6 /* Pods_ShareATextbookUITests.framework in Frameworks */,
			);
			runOnlyForDeploymentPostprocessing = 0;
		};
/* End PBXFrameworksBuildPhase section */

/* Begin PBXGroup section */
		418B3B7B1EB8E35200D05CB6 = {
			isa = PBXGroup;
			children = (
				418B3B861EB8E35300D05CB6 /* ShareATextbook */,
				418B3B9B1EB8E35400D05CB6 /* ShareATextbookTests */,
				418B3BA61EB8E35400D05CB6 /* ShareATextbookUITests */,
				418B3B851EB8E35300D05CB6 /* Products */,
				6A3514341F03583C00098ECB /* Frameworks */,
				5F1CAD23DF206C352FC7F242 /* Pods */,
			);
			sourceTree = "<group>";
		};
		418B3B851EB8E35300D05CB6 /* Products */ = {
			isa = PBXGroup;
			children = (
				418B3B841EB8E35300D05CB6 /* ShareATextbook.app */,
				418B3B981EB8E35400D05CB6 /* ShareATextbookTests.xctest */,
				418B3BA31EB8E35400D05CB6 /* ShareATextbookUITests.xctest */,
			);
			name = Products;
			sourceTree = "<group>";
		};
		418B3B861EB8E35300D05CB6 /* ShareATextbook */ = {
			isa = PBXGroup;
			children = (
				6A9AB43A1F131F5700CA8396 /* Models */,
				6A82519E1F0C7A43006D3B92 /* ShareATextbook.entitlements */,
				6A3514401F03E4D700098ECB /* Designables */,
				6A3514301F0357B600098ECB /* Bridging Header */,
				6A35142E1F03576D00098ECB /* Storyboards */,
				6A82519F1F0C981D006D3B92 /* DataManager */,
				6A3514291F03572D00098ECB /* Helper */,
				6A35142F1F03577F00098ECB /* View Controllers */,
				418B3B871EB8E35300D05CB6 /* AppDelegate.swift */,
				418B3B8E1EB8E35400D05CB6 /* Assets.xcassets */,
				418B3B931EB8E35400D05CB6 /* Info.plist */,
			);
			path = ShareATextbook;
			sourceTree = "<group>";
		};
		418B3B9B1EB8E35400D05CB6 /* ShareATextbookTests */ = {
			isa = PBXGroup;
			children = (
				418B3B9C1EB8E35400D05CB6 /* ShareATextbookTests.swift */,
				418B3B9E1EB8E35400D05CB6 /* Info.plist */,
			);
			path = ShareATextbookTests;
			sourceTree = "<group>";
		};
		418B3BA61EB8E35400D05CB6 /* ShareATextbookUITests */ = {
			isa = PBXGroup;
			children = (
				418B3BA71EB8E35400D05CB6 /* ShareATextbookUITests.swift */,
				418B3BA91EB8E35400D05CB6 /* Info.plist */,
			);
			path = ShareATextbookUITests;
			sourceTree = "<group>";
		};
		5F1CAD23DF206C352FC7F242 /* Pods */ = {
			isa = PBXGroup;
			children = (
				5F0012F84DCD09E759E02EE8 /* Pods-ShareATextbook.debug.xcconfig */,
				4101F1BDC2931E0C50CE6C10 /* Pods-ShareATextbook.release.xcconfig */,
				F038AB7CD17F628C26CD7B0F /* Pods-ShareATextbookTests.debug.xcconfig */,
				76EE4C131E5E94275BDF8594 /* Pods-ShareATextbookTests.release.xcconfig */,
				4A7DF222E5CD0500A0FCB288 /* Pods-ShareATextbookUITests.debug.xcconfig */,
				99029A339FDC00712F9C8792 /* Pods-ShareATextbookUITests.release.xcconfig */,
			);
			name = Pods;
			sourceTree = "<group>";
		};
		6A3514291F03572D00098ECB /* Helper */ = {
			isa = PBXGroup;
			children = (
				6A71E5E71F0BC1FE006A51E7 /* SHA512.swift */,
				6A71E5E91F0BD902006A51E7 /* Validation.swift */,
				6A9AB41B1F131E4600CA8396 /* HTTP.swift */,
				6A9AB41D1F131E6D00CA8396 /* SwiftJSON.swift */,
			);
			name = Helper;
			sourceTree = "<group>";
		};
		6A35142E1F03576D00098ECB /* Storyboards */ = {
			isa = PBXGroup;
			children = (
				6A9AB4531F13201B00CA8396 /* Main.storyboard */,
				6A9AB4541F13201B00CA8396 /* Upload.storyboard */,
				6A9AB4551F13201B00CA8396 /* Search.storyboard */,
				6A35143C1F03660700098ECB /* Login.storyboard */,
				6A9D566A1F078DBA009F77AD /* Home.storyboard */,
			);
			name = Storyboards;
			sourceTree = "<group>";
		};
		6A35142F1F03577F00098ECB /* View Controllers */ = {
			isa = PBXGroup;
			children = (
				514680381F132CBD0059CD4A /* BarcodeScannerViewController.swift */,
				514680391F132CBD0059CD4A /* PreviewViewController.swift */,
				6A9AB4411F131FE000CA8396 /* UploadViewController.swift */,
				6A9AB4431F131FE000CA8396 /* CameraViewController.swift */,
				6A9AB4441F131FE000CA8396 /* SearchViewController.swift */,
				6A9AB4451F131FE000CA8396 /* ConditionViewController.swift */,
				6A9AB4461F131FE000CA8396 /* DetailsViewController.swift */,
				6A9AB4471F131FE000CA8396 /* HomeViewController.swift */,
				6A9AB4481F131FE000CA8396 /* BarcodeViewController.swift */,
				6A9AB43F1F131FD300CA8396 /* CategoryViewController.swift */,
				6A9AB43D1F131FB200CA8396 /* RegisterViewController.swift */,
				6A9D56661F0691B3009F77AD /* LoginViewController.swift */,
				6A9D56681F077E01009F77AD /* LoginNavigationController.swift */,
			);
			name = "View Controllers";
			sourceTree = "<group>";
		};
		6A3514301F0357B600098ECB /* Bridging Header */ = {
			isa = PBXGroup;
			children = (
				6A71E5F21F0C19CB006A51E7 /* FBBridgingHeader.h */,
				6A3514371F03588100098ECB /* bridgingHeader.h */,
			);
			name = "Bridging Header";
			sourceTree = "<group>";
		};
		6A3514341F03583C00098ECB /* Frameworks */ = {
			isa = PBXGroup;
			children = (
				6A3514351F03583C00098ECB /* Security.framework */,
				DEDAD1AC93AE59F2727198E8 /* Pods_ShareATextbook.framework */,
				873C60DC19D5D2359DCE7BD7 /* Pods_ShareATextbookTests.framework */,
				9C8D43BA0182059C7C42EEEC /* Pods_ShareATextbookUITests.framework */,
			);
			name = Frameworks;
			sourceTree = "<group>";
		};
		6A3514401F03E4D700098ECB /* Designables */ = {
			isa = PBXGroup;
			children = (
				6A35143E1F03DE8000098ECB /* GradientView.swift */,
				6A3514411F03E50500098ECB /* DesignableTextField.swift */,
			);
			name = Designables;
			sourceTree = "<group>";
		};
		6A82519F1F0C981D006D3B92 /* DataManager */ = {
			isa = PBXGroup;
			children = (
				6A9AB4511F131FF500CA8396 /* UploadDataManager.swift */,
				6A8251A01F0C9902006D3B92 /* RegisterDataManager.swift */,
			);
			name = DataManager;
			sourceTree = "<group>";
		};
		6A9AB43A1F131F5700CA8396 /* Models */ = {
			isa = PBXGroup;
			children = (
				6A9AB43B1F131F6A00CA8396 /* Upload.swift */,
			);
			name = Models;
			sourceTree = "<group>";
		};
/* End PBXGroup section */

/* Begin PBXNativeTarget section */
		418B3B831EB8E35300D05CB6 /* ShareATextbook */ = {
			isa = PBXNativeTarget;
			buildConfigurationList = 418B3BAC1EB8E35400D05CB6 /* Build configuration list for PBXNativeTarget "ShareATextbook" */;
			buildPhases = (
				A35966280F71B1FDFA9DCE1F /* [CP] Check Pods Manifest.lock */,
				418B3B801EB8E35300D05CB6 /* Sources */,
				418B3B811EB8E35300D05CB6 /* Frameworks */,
				418B3B821EB8E35300D05CB6 /* Resources */,
				1A4A75733BEFCD218CCD274E /* [CP] Embed Pods Frameworks */,
				1D7DA1CBC67DB7C6B3BDA547 /* [CP] Copy Pods Resources */,
			);
			buildRules = (
			);
			dependencies = (
			);
			name = ShareATextbook;
			productName = ShareATextbook;
			productReference = 418B3B841EB8E35300D05CB6 /* ShareATextbook.app */;
			productType = "com.apple.product-type.application";
		};
		418B3B971EB8E35400D05CB6 /* ShareATextbookTests */ = {
			isa = PBXNativeTarget;
			buildConfigurationList = 418B3BAF1EB8E35400D05CB6 /* Build configuration list for PBXNativeTarget "ShareATextbookTests" */;
			buildPhases = (
				31BCD3E549AC2CB866E3FFFD /* [CP] Check Pods Manifest.lock */,
				418B3B941EB8E35400D05CB6 /* Sources */,
				418B3B951EB8E35400D05CB6 /* Frameworks */,
				418B3B961EB8E35400D05CB6 /* Resources */,
				F2C24B09404B5557B4ED9D80 /* [CP] Embed Pods Frameworks */,
				6A2A49066E0BB358F1373EF2 /* [CP] Copy Pods Resources */,
			);
			buildRules = (
			);
			dependencies = (
				418B3B9A1EB8E35400D05CB6 /* PBXTargetDependency */,
			);
			name = ShareATextbookTests;
			productName = ShareATextbookTests;
			productReference = 418B3B981EB8E35400D05CB6 /* ShareATextbookTests.xctest */;
			productType = "com.apple.product-type.bundle.unit-test";
		};
		418B3BA21EB8E35400D05CB6 /* ShareATextbookUITests */ = {
			isa = PBXNativeTarget;
			buildConfigurationList = 418B3BB21EB8E35400D05CB6 /* Build configuration list for PBXNativeTarget "ShareATextbookUITests" */;
			buildPhases = (
				8AB27540EFE8D87677B4CC9D /* [CP] Check Pods Manifest.lock */,
				418B3B9F1EB8E35400D05CB6 /* Sources */,
				418B3BA01EB8E35400D05CB6 /* Frameworks */,
				418B3BA11EB8E35400D05CB6 /* Resources */,
				ED2BA54463718E74B1B070AD /* [CP] Embed Pods Frameworks */,
				B76D7AFFB67CA0D92209FCDC /* [CP] Copy Pods Resources */,
			);
			buildRules = (
			);
			dependencies = (
				418B3BA51EB8E35400D05CB6 /* PBXTargetDependency */,
			);
			name = ShareATextbookUITests;
			productName = ShareATextbookUITests;
			productReference = 418B3BA31EB8E35400D05CB6 /* ShareATextbookUITests.xctest */;
			productType = "com.apple.product-type.bundle.ui-testing";
		};
/* End PBXNativeTarget section */

/* Begin PBXProject section */
		418B3B7C1EB8E35300D05CB6 /* Project object */ = {
			isa = PBXProject;
			attributes = {
				LastSwiftUpdateCheck = 0830;
				LastUpgradeCheck = 0830;
				ORGANIZATIONNAME = natashahjy;
				TargetAttributes = {
					418B3B831EB8E35300D05CB6 = {
						CreatedOnToolsVersion = 8.3.1;
						DevelopmentTeam = 5Z6FLXW2PN;
						ProvisioningStyle = Automatic;
						SystemCapabilities = {
							com.apple.Keychain = {
								enabled = 0;
							};
						};
					};
					418B3B971EB8E35400D05CB6 = {
						CreatedOnToolsVersion = 8.3.1;
						DevelopmentTeam = 5Z6FLXW2PN;
						ProvisioningStyle = Automatic;
						TestTargetID = 418B3B831EB8E35300D05CB6;
					};
					418B3BA21EB8E35400D05CB6 = {
						CreatedOnToolsVersion = 8.3.1;
						DevelopmentTeam = 5Z6FLXW2PN;
						ProvisioningStyle = Automatic;
						TestTargetID = 418B3B831EB8E35300D05CB6;
					};
				};
			};
			buildConfigurationList = 418B3B7F1EB8E35300D05CB6 /* Build configuration list for PBXProject "ShareATextbook" */;
			compatibilityVersion = "Xcode 3.2";
			developmentRegion = English;
			hasScannedForEncodings = 0;
			knownRegions = (
				en,
				Base,
			);
			mainGroup = 418B3B7B1EB8E35200D05CB6;
			productRefGroup = 418B3B851EB8E35300D05CB6 /* Products */;
			projectDirPath = "";
			projectRoot = "";
			targets = (
				418B3B831EB8E35300D05CB6 /* ShareATextbook */,
				418B3B971EB8E35400D05CB6 /* ShareATextbookTests */,
				418B3BA21EB8E35400D05CB6 /* ShareATextbookUITests */,
			);
		};
/* End PBXProject section */

/* Begin PBXResourcesBuildPhase section */
		418B3B821EB8E35300D05CB6 /* Resources */ = {
			isa = PBXResourcesBuildPhase;
			buildActionMask = 2147483647;
			files = (
				6A9AB4571F13201B00CA8396 /* Upload.storyboard in Resources */,
				418B3B8F1EB8E35400D05CB6 /* Assets.xcassets in Resources */,
				6A9D566B1F078DBA009F77AD /* Home.storyboard in Resources */,
				6A35143D1F03660700098ECB /* Login.storyboard in Resources */,
				6A9AB4581F13201B00CA8396 /* Search.storyboard in Resources */,
				6A9AB4561F13201B00CA8396 /* Main.storyboard in Resources */,
			);
			runOnlyForDeploymentPostprocessing = 0;
		};
		418B3B961EB8E35400D05CB6 /* Resources */ = {
			isa = PBXResourcesBuildPhase;
			buildActionMask = 2147483647;
			files = (
			);
			runOnlyForDeploymentPostprocessing = 0;
		};
		418B3BA11EB8E35400D05CB6 /* Resources */ = {
			isa = PBXResourcesBuildPhase;
			buildActionMask = 2147483647;
			files = (
			);
			runOnlyForDeploymentPostprocessing = 0;
		};
/* End PBXResourcesBuildPhase section */

/* Begin PBXShellScriptBuildPhase section */
		1A4A75733BEFCD218CCD274E /* [CP] Embed Pods Frameworks */ = {
			isa = PBXShellScriptBuildPhase;
			buildActionMask = 2147483647;
			files = (
			);
			inputPaths = (
			);
			name = "[CP] Embed Pods Frameworks";
			outputPaths = (
			);
			runOnlyForDeploymentPostprocessing = 0;
			shellPath = /bin/sh;
			shellScript = "\"${SRCROOT}/Pods/Target Support Files/Pods-ShareATextbook/Pods-ShareATextbook-frameworks.sh\"\n";
			showEnvVarsInLog = 0;
		};
		1D7DA1CBC67DB7C6B3BDA547 /* [CP] Copy Pods Resources */ = {
			isa = PBXShellScriptBuildPhase;
			buildActionMask = 2147483647;
			files = (
			);
			inputPaths = (
			);
			name = "[CP] Copy Pods Resources";
			outputPaths = (
			);
			runOnlyForDeploymentPostprocessing = 0;
			shellPath = /bin/sh;
			shellScript = "\"${SRCROOT}/Pods/Target Support Files/Pods-ShareATextbook/Pods-ShareATextbook-resources.sh\"\n";
			showEnvVarsInLog = 0;
		};
		31BCD3E549AC2CB866E3FFFD /* [CP] Check Pods Manifest.lock */ = {
			isa = PBXShellScriptBuildPhase;
			buildActionMask = 2147483647;
			files = (
			);
			inputPaths = (
			);
			name = "[CP] Check Pods Manifest.lock";
			outputPaths = (
			);
			runOnlyForDeploymentPostprocessing = 0;
			shellPath = /bin/sh;
			shellScript = "diff \"${PODS_PODFILE_DIR_PATH}/Podfile.lock\" \"${PODS_ROOT}/Manifest.lock\" > /dev/null\nif [ $? != 0 ] ; then\n    # print error to STDERR\n    echo \"error: The sandbox is not in sync with the Podfile.lock. Run 'pod install' or update your CocoaPods installation.\" >&2\n    exit 1\nfi\n";
			showEnvVarsInLog = 0;
		};
		6A2A49066E0BB358F1373EF2 /* [CP] Copy Pods Resources */ = {
			isa = PBXShellScriptBuildPhase;
			buildActionMask = 2147483647;
			files = (
			);
			inputPaths = (
			);
			name = "[CP] Copy Pods Resources";
			outputPaths = (
			);
			runOnlyForDeploymentPostprocessing = 0;
			shellPath = /bin/sh;
			shellScript = "\"${SRCROOT}/Pods/Target Support Files/Pods-ShareATextbookTests/Pods-ShareATextbookTests-resources.sh\"\n";
			showEnvVarsInLog = 0;
		};
		8AB27540EFE8D87677B4CC9D /* [CP] Check Pods Manifest.lock */ = {
			isa = PBXShellScriptBuildPhase;
			buildActionMask = 2147483647;
			files = (
			);
			inputPaths = (
			);
			name = "[CP] Check Pods Manifest.lock";
			outputPaths = (
			);
			runOnlyForDeploymentPostprocessing = 0;
			shellPath = /bin/sh;
			shellScript = "diff \"${PODS_PODFILE_DIR_PATH}/Podfile.lock\" \"${PODS_ROOT}/Manifest.lock\" > /dev/null\nif [ $? != 0 ] ; then\n    # print error to STDERR\n    echo \"error: The sandbox is not in sync with the Podfile.lock. Run 'pod install' or update your CocoaPods installation.\" >&2\n    exit 1\nfi\n";
			showEnvVarsInLog = 0;
		};
		A35966280F71B1FDFA9DCE1F /* [CP] Check Pods Manifest.lock */ = {
			isa = PBXShellScriptBuildPhase;
			buildActionMask = 2147483647;
			files = (
			);
			inputPaths = (
			);
			name = "[CP] Check Pods Manifest.lock";
			outputPaths = (
			);
			runOnlyForDeploymentPostprocessing = 0;
			shellPath = /bin/sh;
			shellScript = "diff \"${PODS_PODFILE_DIR_PATH}/Podfile.lock\" \"${PODS_ROOT}/Manifest.lock\" > /dev/null\nif [ $? != 0 ] ; then\n    # print error to STDERR\n    echo \"error: The sandbox is not in sync with the Podfile.lock. Run 'pod install' or update your CocoaPods installation.\" >&2\n    exit 1\nfi\n";
			showEnvVarsInLog = 0;
		};
		B76D7AFFB67CA0D92209FCDC /* [CP] Copy Pods Resources */ = {
			isa = PBXShellScriptBuildPhase;
			buildActionMask = 2147483647;
			files = (
			);
			inputPaths = (
			);
			name = "[CP] Copy Pods Resources";
			outputPaths = (
			);
			runOnlyForDeploymentPostprocessing = 0;
			shellPath = /bin/sh;
			shellScript = "\"${SRCROOT}/Pods/Target Support Files/Pods-ShareATextbookUITests/Pods-ShareATextbookUITests-resources.sh\"\n";
			showEnvVarsInLog = 0;
		};
		ED2BA54463718E74B1B070AD /* [CP] Embed Pods Frameworks */ = {
			isa = PBXShellScriptBuildPhase;
			buildActionMask = 2147483647;
			files = (
			);
			inputPaths = (
			);
			name = "[CP] Embed Pods Frameworks";
			outputPaths = (
			);
			runOnlyForDeploymentPostprocessing = 0;
			shellPath = /bin/sh;
			shellScript = "\"${SRCROOT}/Pods/Target Support Files/Pods-ShareATextbookUITests/Pods-ShareATextbookUITests-frameworks.sh\"\n";
			showEnvVarsInLog = 0;
		};
		F2C24B09404B5557B4ED9D80 /* [CP] Embed Pods Frameworks */ = {
			isa = PBXShellScriptBuildPhase;
			buildActionMask = 2147483647;
			files = (
			);
			inputPaths = (
			);
			name = "[CP] Embed Pods Frameworks";
			outputPaths = (
			);
			runOnlyForDeploymentPostprocessing = 0;
			shellPath = /bin/sh;
			shellScript = "\"${SRCROOT}/Pods/Target Support Files/Pods-ShareATextbookTests/Pods-ShareATextbookTests-frameworks.sh\"\n";
			showEnvVarsInLog = 0;
		};
/* End PBXShellScriptBuildPhase section */

/* Begin PBXSourcesBuildPhase section */
		418B3B801EB8E35300D05CB6 /* Sources */ = {
			isa = PBXSourcesBuildPhase;
			buildActionMask = 2147483647;
			files = (
				6A3514421F03E50500098ECB /* DesignableTextField.swift in Sources */,
				6A9AB4491F131FE000CA8396 /* UploadViewController.swift in Sources */,
				6A9AB41E1F131E6D00CA8396 /* SwiftJSON.swift in Sources */,
				6A9AB44E1F131FE000CA8396 /* DetailsViewController.swift in Sources */,
				6A9AB4501F131FE000CA8396 /* BarcodeViewController.swift in Sources */,
				418B3B881EB8E35300D05CB6 /* AppDelegate.swift in Sources */,
				6A9AB44F1F131FE000CA8396 /* HomeViewController.swift in Sources */,
				6A9AB4401F131FD300CA8396 /* CategoryViewController.swift in Sources */,
				6A9D56691F077E01009F77AD /* LoginNavigationController.swift in Sources */,
				5146803A1F132CBD0059CD4A /* BarcodeScannerViewController.swift in Sources */,
				5146803B1F132CBD0059CD4A /* PreviewViewController.swift in Sources */,
				6A9AB43C1F131F6A00CA8396 /* Upload.swift in Sources */,
				6A35143F1F03DE8000098ECB /* GradientView.swift in Sources */,
				6A9AB4521F131FF500CA8396 /* UploadDataManager.swift in Sources */,
				6A9AB44D1F131FE000CA8396 /* ConditionViewController.swift in Sources */,
				6A9AB44C1F131FE000CA8396 /* SearchViewController.swift in Sources */,
				6A71E5E81F0BC1FE006A51E7 /* SHA512.swift in Sources */,
				6A9D56671F0691B3009F77AD /* LoginViewController.swift in Sources */,
				6A9AB43E1F131FB200CA8396 /* RegisterViewController.swift in Sources */,
				6A9AB41C1F131E4600CA8396 /* HTTP.swift in Sources */,
				6A71E5EA1F0BD902006A51E7 /* Validation.swift in Sources */,
				6A9AB44B1F131FE000CA8396 /* CameraViewController.swift in Sources */,
				6A8251A11F0C9902006D3B92 /* RegisterDataManager.swift in Sources */,
			);
			runOnlyForDeploymentPostprocessing = 0;
		};
		418B3B941EB8E35400D05CB6 /* Sources */ = {
			isa = PBXSourcesBuildPhase;
			buildActionMask = 2147483647;
			files = (
				418B3B9D1EB8E35400D05CB6 /* ShareATextbookTests.swift in Sources */,
			);
			runOnlyForDeploymentPostprocessing = 0;
		};
		418B3B9F1EB8E35400D05CB6 /* Sources */ = {
			isa = PBXSourcesBuildPhase;
			buildActionMask = 2147483647;
			files = (
				418B3BA81EB8E35400D05CB6 /* ShareATextbookUITests.swift in Sources */,
			);
			runOnlyForDeploymentPostprocessing = 0;
		};
/* End PBXSourcesBuildPhase section */

/* Begin PBXTargetDependency section */
		418B3B9A1EB8E35400D05CB6 /* PBXTargetDependency */ = {
			isa = PBXTargetDependency;
			target = 418B3B831EB8E35300D05CB6 /* ShareATextbook */;
			targetProxy = 418B3B991EB8E35400D05CB6 /* PBXContainerItemProxy */;
		};
		418B3BA51EB8E35400D05CB6 /* PBXTargetDependency */ = {
			isa = PBXTargetDependency;
			target = 418B3B831EB8E35300D05CB6 /* ShareATextbook */;
			targetProxy = 418B3BA41EB8E35400D05CB6 /* PBXContainerItemProxy */;
		};
/* End PBXTargetDependency section */

/* Begin XCBuildConfiguration section */
		418B3BAA1EB8E35400D05CB6 /* Debug */ = {
			isa = XCBuildConfiguration;
			buildSettings = {
				ALWAYS_SEARCH_USER_PATHS = NO;
				CLANG_ANALYZER_NONNULL = YES;
				CLANG_ANALYZER_NUMBER_OBJECT_CONVERSION = YES_AGGRESSIVE;
				CLANG_CXX_LANGUAGE_STANDARD = "gnu++0x";
				CLANG_CXX_LIBRARY = "libc++";
				CLANG_ENABLE_MODULES = YES;
				CLANG_ENABLE_OBJC_ARC = YES;
				CLANG_WARN_BOOL_CONVERSION = YES;
				CLANG_WARN_CONSTANT_CONVERSION = YES;
				CLANG_WARN_DIRECT_OBJC_ISA_USAGE = YES_ERROR;
				CLANG_WARN_DOCUMENTATION_COMMENTS = YES;
				CLANG_WARN_EMPTY_BODY = YES;
				CLANG_WARN_ENUM_CONVERSION = YES;
				CLANG_WARN_INFINITE_RECURSION = YES;
				CLANG_WARN_INT_CONVERSION = YES;
				CLANG_WARN_OBJC_ROOT_CLASS = YES_ERROR;
				CLANG_WARN_SUSPICIOUS_MOVE = YES;
				CLANG_WARN_UNREACHABLE_CODE = YES;
				CLANG_WARN__DUPLICATE_METHOD_MATCH = YES;
				"CODE_SIGN_IDENTITY[sdk=iphoneos*]" = "iPhone Developer";
				COPY_PHASE_STRIP = NO;
				DEBUG_INFORMATION_FORMAT = dwarf;
				ENABLE_STRICT_OBJC_MSGSEND = YES;
				ENABLE_TESTABILITY = YES;
				GCC_C_LANGUAGE_STANDARD = gnu99;
				GCC_DYNAMIC_NO_PIC = NO;
				GCC_NO_COMMON_BLOCKS = YES;
				GCC_OPTIMIZATION_LEVEL = 0;
				GCC_PREPROCESSOR_DEFINITIONS = (
					"DEBUG=1",
					"$(inherited)",
				);
				GCC_WARN_64_TO_32_BIT_CONVERSION = YES;
				GCC_WARN_ABOUT_RETURN_TYPE = YES_ERROR;
				GCC_WARN_UNDECLARED_SELECTOR = YES;
				GCC_WARN_UNINITIALIZED_AUTOS = YES_AGGRESSIVE;
				GCC_WARN_UNUSED_FUNCTION = YES;
				GCC_WARN_UNUSED_VARIABLE = YES;
				IPHONEOS_DEPLOYMENT_TARGET = 10.3;
				MTL_ENABLE_DEBUG_INFO = YES;
				ONLY_ACTIVE_ARCH = YES;
				SDKROOT = iphoneos;
				SWIFT_ACTIVE_COMPILATION_CONDITIONS = DEBUG;
				SWIFT_OPTIMIZATION_LEVEL = "-Onone";
				TARGETED_DEVICE_FAMILY = "1,2";
			};
			name = Debug;
		};
		418B3BAB1EB8E35400D05CB6 /* Release */ = {
			isa = XCBuildConfiguration;
			buildSettings = {
				ALWAYS_SEARCH_USER_PATHS = NO;
				CLANG_ANALYZER_NONNULL = YES;
				CLANG_ANALYZER_NUMBER_OBJECT_CONVERSION = YES_AGGRESSIVE;
				CLANG_CXX_LANGUAGE_STANDARD = "gnu++0x";
				CLANG_CXX_LIBRARY = "libc++";
				CLANG_ENABLE_MODULES = YES;
				CLANG_ENABLE_OBJC_ARC = YES;
				CLANG_WARN_BOOL_CONVERSION = YES;
				CLANG_WARN_CONSTANT_CONVERSION = YES;
				CLANG_WARN_DIRECT_OBJC_ISA_USAGE = YES_ERROR;
				CLANG_WARN_DOCUMENTATION_COMMENTS = YES;
				CLANG_WARN_EMPTY_BODY = YES;
				CLANG_WARN_ENUM_CONVERSION = YES;
				CLANG_WARN_INFINITE_RECURSION = YES;
				CLANG_WARN_INT_CONVERSION = YES;
				CLANG_WARN_OBJC_ROOT_CLASS = YES_ERROR;
				CLANG_WARN_SUSPICIOUS_MOVE = YES;
				CLANG_WARN_UNREACHABLE_CODE = YES;
				CLANG_WARN__DUPLICATE_METHOD_MATCH = YES;
				"CODE_SIGN_IDENTITY[sdk=iphoneos*]" = "iPhone Developer";
				COPY_PHASE_STRIP = NO;
				DEBUG_INFORMATION_FORMAT = "dwarf-with-dsym";
				ENABLE_NS_ASSERTIONS = NO;
				ENABLE_STRICT_OBJC_MSGSEND = YES;
				GCC_C_LANGUAGE_STANDARD = gnu99;
				GCC_NO_COMMON_BLOCKS = YES;
				GCC_WARN_64_TO_32_BIT_CONVERSION = YES;
				GCC_WARN_ABOUT_RETURN_TYPE = YES_ERROR;
				GCC_WARN_UNDECLARED_SELECTOR = YES;
				GCC_WARN_UNINITIALIZED_AUTOS = YES_AGGRESSIVE;
				GCC_WARN_UNUSED_FUNCTION = YES;
				GCC_WARN_UNUSED_VARIABLE = YES;
				IPHONEOS_DEPLOYMENT_TARGET = 10.3;
				MTL_ENABLE_DEBUG_INFO = NO;
				SDKROOT = iphoneos;
				SWIFT_OPTIMIZATION_LEVEL = "-Owholemodule";
				TARGETED_DEVICE_FAMILY = "1,2";
				VALIDATE_PRODUCT = YES;
			};
			name = Release;
		};
		418B3BAD1EB8E35400D05CB6 /* Debug */ = {
			isa = XCBuildConfiguration;
			baseConfigurationReference = 5F0012F84DCD09E759E02EE8 /* Pods-ShareATextbook.debug.xcconfig */;
			buildSettings = {
				ASSETCATALOG_COMPILER_APPICON_NAME = AppIcon;
				DEVELOPMENT_TEAM = 5Z6FLXW2PN;
				INFOPLIST_FILE = ShareATextbook/Info.plist;
				IPHONEOS_DEPLOYMENT_TARGET = 10.0;
				LD_RUNPATH_SEARCH_PATHS = "$(inherited) @executable_path/Frameworks";
				PRODUCT_BUNDLE_IDENTIFIER = nyp.ShareATextbook;
				PRODUCT_NAME = "$(TARGET_NAME)";
				SWIFT_INCLUDE_PATHS = "";
				SWIFT_OBJC_BRIDGING_HEADER = bridgingHeader.h;
				SWIFT_OPTIMIZATION_LEVEL = "-Owholemodule";
				SWIFT_VERSION = 3.0;
			};
			name = Debug;
		};
		418B3BAE1EB8E35400D05CB6 /* Release */ = {
			isa = XCBuildConfiguration;
			baseConfigurationReference = 4101F1BDC2931E0C50CE6C10 /* Pods-ShareATextbook.release.xcconfig */;
			buildSettings = {
				ASSETCATALOG_COMPILER_APPICON_NAME = AppIcon;
				DEVELOPMENT_TEAM = 5Z6FLXW2PN;
				INFOPLIST_FILE = ShareATextbook/Info.plist;
				IPHONEOS_DEPLOYMENT_TARGET = 10.0;
				LD_RUNPATH_SEARCH_PATHS = "$(inherited) @executable_path/Frameworks";
				PRODUCT_BUNDLE_IDENTIFIER = nyp.ShareATextbook;
				PRODUCT_NAME = "$(TARGET_NAME)";
				SWIFT_INCLUDE_PATHS = "";
				SWIFT_OBJC_BRIDGING_HEADER = bridgingHeader.h;
				SWIFT_OPTIMIZATION_LEVEL = "-Owholemodule";
				SWIFT_VERSION = 3.0;
			};
			name = Release;
		};
		418B3BB01EB8E35400D05CB6 /* Debug */ = {
			isa = XCBuildConfiguration;
			baseConfigurationReference = F038AB7CD17F628C26CD7B0F /* Pods-ShareATextbookTests.debug.xcconfig */;
			buildSettings = {
				ALWAYS_EMBED_SWIFT_STANDARD_LIBRARIES = YES;
				BUNDLE_LOADER = "$(TEST_HOST)";
				DEVELOPMENT_TEAM = 5Z6FLXW2PN;
				INFOPLIST_FILE = ShareATextbookTests/Info.plist;
				LD_RUNPATH_SEARCH_PATHS = "$(inherited) @executable_path/Frameworks @loader_path/Frameworks";
				PRODUCT_BUNDLE_IDENTIFIER = nyp.ShareATextbookTests;
				PRODUCT_NAME = "$(TARGET_NAME)";
				SWIFT_VERSION = 3.0;
				TEST_HOST = "$(BUILT_PRODUCTS_DIR)/ShareATextbook.app/ShareATextbook";
			};
			name = Debug;
		};
		418B3BB11EB8E35400D05CB6 /* Release */ = {
			isa = XCBuildConfiguration;
			baseConfigurationReference = 76EE4C131E5E94275BDF8594 /* Pods-ShareATextbookTests.release.xcconfig */;
			buildSettings = {
				ALWAYS_EMBED_SWIFT_STANDARD_LIBRARIES = YES;
				BUNDLE_LOADER = "$(TEST_HOST)";
				DEVELOPMENT_TEAM = 5Z6FLXW2PN;
				INFOPLIST_FILE = ShareATextbookTests/Info.plist;
				LD_RUNPATH_SEARCH_PATHS = "$(inherited) @executable_path/Frameworks @loader_path/Frameworks";
				PRODUCT_BUNDLE_IDENTIFIER = nyp.ShareATextbookTests;
				PRODUCT_NAME = "$(TARGET_NAME)";
				SWIFT_VERSION = 3.0;
				TEST_HOST = "$(BUILT_PRODUCTS_DIR)/ShareATextbook.app/ShareATextbook";
			};
			name = Release;
		};
		418B3BB31EB8E35400D05CB6 /* Debug */ = {
			isa = XCBuildConfiguration;
			baseConfigurationReference = 4A7DF222E5CD0500A0FCB288 /* Pods-ShareATextbookUITests.debug.xcconfig */;
			buildSettings = {
				ALWAYS_EMBED_SWIFT_STANDARD_LIBRARIES = YES;
				DEVELOPMENT_TEAM = 5Z6FLXW2PN;
				INFOPLIST_FILE = ShareATextbookUITests/Info.plist;
				LD_RUNPATH_SEARCH_PATHS = "$(inherited) @executable_path/Frameworks @loader_path/Frameworks";
				PRODUCT_BUNDLE_IDENTIFIER = nyp.ShareATextbookUITests;
				PRODUCT_NAME = "$(TARGET_NAME)";
				SWIFT_VERSION = 3.0;
				TEST_TARGET_NAME = ShareATextbook;
			};
			name = Debug;
		};
		418B3BB41EB8E35400D05CB6 /* Release */ = {
			isa = XCBuildConfiguration;
			baseConfigurationReference = 99029A339FDC00712F9C8792 /* Pods-ShareATextbookUITests.release.xcconfig */;
			buildSettings = {
				ALWAYS_EMBED_SWIFT_STANDARD_LIBRARIES = YES;
				DEVELOPMENT_TEAM = 5Z6FLXW2PN;
				INFOPLIST_FILE = ShareATextbookUITests/Info.plist;
				LD_RUNPATH_SEARCH_PATHS = "$(inherited) @executable_path/Frameworks @loader_path/Frameworks";
				PRODUCT_BUNDLE_IDENTIFIER = nyp.ShareATextbookUITests;
				PRODUCT_NAME = "$(TARGET_NAME)";
				SWIFT_VERSION = 3.0;
				TEST_TARGET_NAME = ShareATextbook;
			};
			name = Release;
		};
/* End XCBuildConfiguration section */

/* Begin XCConfigurationList section */
		418B3B7F1EB8E35300D05CB6 /* Build configuration list for PBXProject "ShareATextbook" */ = {
			isa = XCConfigurationList;
			buildConfigurations = (
				418B3BAA1EB8E35400D05CB6 /* Debug */,
				418B3BAB1EB8E35400D05CB6 /* Release */,
			);
			defaultConfigurationIsVisible = 0;
			defaultConfigurationName = Release;
		};
		418B3BAC1EB8E35400D05CB6 /* Build configuration list for PBXNativeTarget "ShareATextbook" */ = {
			isa = XCConfigurationList;
			buildConfigurations = (
				418B3BAD1EB8E35400D05CB6 /* Debug */,
				418B3BAE1EB8E35400D05CB6 /* Release */,
			);
			defaultConfigurationIsVisible = 0;
			defaultConfigurationName = Release;
		};
		418B3BAF1EB8E35400D05CB6 /* Build configuration list for PBXNativeTarget "ShareATextbookTests" */ = {
			isa = XCConfigurationList;
			buildConfigurations = (
				418B3BB01EB8E35400D05CB6 /* Debug */,
				418B3BB11EB8E35400D05CB6 /* Release */,
			);
			defaultConfigurationIsVisible = 0;
			defaultConfigurationName = Release;
		};
		418B3BB21EB8E35400D05CB6 /* Build configuration list for PBXNativeTarget "ShareATextbookUITests" */ = {
			isa = XCConfigurationList;
			buildConfigurations = (
				418B3BB31EB8E35400D05CB6 /* Debug */,
				418B3BB41EB8E35400D05CB6 /* Release */,
			);
			defaultConfigurationIsVisible = 0;
			defaultConfigurationName = Release;
		};
/* End XCConfigurationList section */
	};
	rootObject = 418B3B7C1EB8E35300D05CB6 /* Project object */;
}
