// !$*UTF8*$!
{
	archiveVersion = 1;
	classes = {
	};
	objectVersion = 46;
	objects = {

/* Begin PBXBuildFile section */
		418B3B881EB8E35300D05CB6 /* AppDelegate.swift in Sources */ = {isa = PBXBuildFile; fileRef = 418B3B871EB8E35300D05CB6 /* AppDelegate.swift */; };
		418B3B8A1EB8E35300D05CB6 /* ViewController.swift in Sources */ = {isa = PBXBuildFile; fileRef = 418B3B891EB8E35300D05CB6 /* ViewController.swift */; };
		418B3B8D1EB8E35400D05CB6 /* Main.storyboard in Resources */ = {isa = PBXBuildFile; fileRef = 418B3B8B1EB8E35400D05CB6 /* Main.storyboard */; };
		418B3B8F1EB8E35400D05CB6 /* Assets.xcassets in Resources */ = {isa = PBXBuildFile; fileRef = 418B3B8E1EB8E35400D05CB6 /* Assets.xcassets */; };
		418B3B921EB8E35400D05CB6 /* LaunchScreen.storyboard in Resources */ = {isa = PBXBuildFile; fileRef = 418B3B901EB8E35400D05CB6 /* LaunchScreen.storyboard */; };
		418B3B9D1EB8E35400D05CB6 /* ShareATextbookTests.swift in Sources */ = {isa = PBXBuildFile; fileRef = 418B3B9C1EB8E35400D05CB6 /* ShareATextbookTests.swift */; };
		418B3BA81EB8E35400D05CB6 /* ShareATextbookUITests.swift in Sources */ = {isa = PBXBuildFile; fileRef = 418B3BA71EB8E35400D05CB6 /* ShareATextbookUITests.swift */; };
		51F824FF1EDD43F8004BE4F7 /* Upload.storyboard in Resources */ = {isa = PBXBuildFile; fileRef = 51F824FE1EDD43F8004BE4F7 /* Upload.storyboard */; };
/* End PBXBuildFile section */

/* Begin PBXContainerItemProxy section */
		418B3B991EB8E35400D05CB6 /* PBXContainerItemProxy */ = {
			isa = PBXContainerItemProxy;
			containerPortal = 418B3B7C1EB8E35300D05CB6 /* Project object */;
			proxyType = 1;
			remoteGlobalIDString = 418B3B831EB8E35300D05CB6;
			remoteInfo = ShareATextbook;
		};
		418B3BA41EB8E35400D05CB6 /* PBXContainerItemProxy */ = {
			isa = PBXContainerItemProxy;
			containerPortal = 418B3B7C1EB8E35300D05CB6 /* Project object */;
			proxyType = 1;
			remoteGlobalIDString = 418B3B831EB8E35300D05CB6;
			remoteInfo = ShareATextbook;
		};
/* End PBXContainerItemProxy section */

/* Begin PBXFileReference section */
		418B3B841EB8E35300D05CB6 /* ShareATextbook.app */ = {isa = PBXFileReference; explicitFileType = wrapper.application; includeInIndex = 0; path = ShareATextbook.app; sourceTree = BUILT_PRODUCTS_DIR; };
		418B3B871EB8E35300D05CB6 /* AppDelegate.swift */ = {isa = PBXFileReference; lastKnownFileType = sourcecode.swift; path = AppDelegate.swift; sourceTree = "<group>"; };
		418B3B891EB8E35300D05CB6 /* ViewController.swift */ = {isa = PBXFileReference; lastKnownFileType = sourcecode.swift; path = ViewController.swift; sourceTree = "<group>"; };
		418B3B8C1EB8E35400D05CB6 /* Base */ = {isa = PBXFileReference; lastKnownFileType = file.storyboard; name = Base; path = Base.lproj/Main.storyboard; sourceTree = "<group>"; };
		418B3B8E1EB8E35400D05CB6 /* Assets.xcassets */ = {isa = PBXFileReference; lastKnownFileType = folder.assetcatalog; path = Assets.xcassets; sourceTree = "<group>"; };
		418B3B911EB8E35400D05CB6 /* Base */ = {isa = PBXFileReference; lastKnownFileType = file.storyboard; name = Base; path = Base.lproj/LaunchScreen.storyboard; sourceTree = "<group>"; };
		418B3B931EB8E35400D05CB6 /* Info.plist */ = {isa = PBXFileReference; lastKnownFileType = text.plist.xml; path = Info.plist; sourceTree = "<group>"; };
		418B3B981EB8E35400D05CB6 /* ShareATextbookTests.xctest */ = {isa = PBXFileReference; explicitFileType = wrapper.cfbundle; includeInIndex = 0; path = ShareATextbookTests.xctest; sourceTree = BUILT_PRODUCTS_DIR; };
		418B3B9C1EB8E35400D05CB6 /* ShareATextbookTests.swift */ = {isa = PBXFileReference; lastKnownFileType = sourcecode.swift; path = ShareATextbookTests.swift; sourceTree = "<group>"; };
		418B3B9E1EB8E35400D05CB6 /* Info.plist */ = {isa = PBXFileReference; lastKnownFileType = text.plist.xml; path = Info.plist; sourceTree = "<group>"; };
		418B3BA31EB8E35400D05CB6 /* ShareATextbookUITests.xctest */ = {isa = PBXFileReference; explicitFileType = wrapper.cfbundle; includeInIndex = 0; path = ShareATextbookUITests.xctest; sourceTree = BUILT_PRODUCTS_DIR; };
		418B3BA71EB8E35400D05CB6 /* ShareATextbookUITests.swift */ = {isa = PBXFileReference; lastKnownFileType = sourcecode.swift; path = ShareATextbookUITests.swift; sourceTree = "<group>"; };
		418B3BA91EB8E35400D05CB6 /* Info.plist */ = {isa = PBXFileReference; lastKnownFileType = text.plist.xml; path = Info.plist; sourceTree = "<group>"; };
		51F824FE1EDD43F8004BE4F7 /* Upload.storyboard */ = {isa = PBXFileReference; fileEncoding = 4; lastKnownFileType = file.storyboard; path = Upload.storyboard; sourceTree = "<group>"; };
/* End PBXFileReference section */

/* Begin PBXFrameworksBuildPhase section */
		418B3B811EB8E35300D05CB6 /* Frameworks */ = {
			isa = PBXFrameworksBuildPhase;
			buildActionMask = 2147483647;
			files = (
			);
			runOnlyForDeploymentPostprocessing = 0;
		};
		418B3B951EB8E35400D05CB6 /* Frameworks */ = {
			isa = PBXFrameworksBuildPhase;
			buildActionMask = 2147483647;
			files = (
			);
			runOnlyForDeploymentPostprocessing = 0;
		};
		418B3BA01EB8E35400D05CB6 /* Frameworks */ = {
			isa = PBXFrameworksBuildPhase;
			buildActionMask = 2147483647;
			files = (
			);
			runOnlyForDeploymentPostprocessing = 0;
		};
/* End PBXFrameworksBuildPhase section */

/* Begin PBXGroup section */
		418B3B7B1EB8E35200D05CB6 = {
			isa = PBXGroup;
			children = (
				418B3B861EB8E35300D05CB6 /* ShareATextbook */,
				418B3B9B1EB8E35400D05CB6 /* ShareATextbookTests */,
				418B3BA61EB8E35400D05CB6 /* ShareATextbookUITests */,
				418B3B851EB8E35300D05CB6 /* Products */,
			);
			sourceTree = "<group>";
		};
		418B3B851EB8E35300D05CB6 /* Products */ = {
			isa = PBXGroup;
			children = (
				418B3B841EB8E35300D05CB6 /* ShareATextbook.app */,
				418B3B981EB8E35400D05CB6 /* ShareATextbookTests.xctest */,
				418B3BA31EB8E35400D05CB6 /* ShareATextbookUITests.xctest */,
			);
			name = Products;
			sourceTree = "<group>";
		};
		418B3B861EB8E35300D05CB6 /* ShareATextbook */ = {
			isa = PBXGroup;
			children = (
				418B3B871EB8E35300D05CB6 /* AppDelegate.swift */,
				418B3B891EB8E35300D05CB6 /* ViewController.swift */,
				418B3B8B1EB8E35400D05CB6 /* Main.storyboard */,
				418B3B8E1EB8E35400D05CB6 /* Assets.xcassets */,
				418B3B901EB8E35400D05CB6 /* LaunchScreen.storyboard */,
				418B3B931EB8E35400D05CB6 /* Info.plist */,
				51F824FE1EDD43F8004BE4F7 /* Upload.storyboard */,
			);
			path = ShareATextbook;
			sourceTree = "<group>";
		};
		418B3B9B1EB8E35400D05CB6 /* ShareATextbookTests */ = {
			isa = PBXGroup;
			children = (
				418B3B9C1EB8E35400D05CB6 /* ShareATextbookTests.swift */,
				418B3B9E1EB8E35400D05CB6 /* Info.plist */,
			);
			path = ShareATextbookTests;
			sourceTree = "<group>";
		};
		418B3BA61EB8E35400D05CB6 /* ShareATextbookUITests */ = {
			isa = PBXGroup;
			children = (
				418B3BA71EB8E35400D05CB6 /* ShareATextbookUITests.swift */,
				418B3BA91EB8E35400D05CB6 /* Info.plist */,
			);
			path = ShareATextbookUITests;
			sourceTree = "<group>";
		};
/* End PBXGroup section */

/* Begin PBXNativeTarget section */
		418B3B831EB8E35300D05CB6 /* ShareATextbook */ = {
			isa = PBXNativeTarget;
			buildConfigurationList = 418B3BAC1EB8E35400D05CB6 /* Build configuration list for PBXNativeTarget "ShareATextbook" */;
			buildPhases = (
				418B3B801EB8E35300D05CB6 /* Sources */,
				418B3B811EB8E35300D05CB6 /* Frameworks */,
				418B3B821EB8E35300D05CB6 /* Resources */,
			);
			buildRules = (
			);
			dependencies = (
			);
			name = ShareATextbook;
			productName = ShareATextbook;
			productReference = 418B3B841EB8E35300D05CB6 /* ShareATextbook.app */;
			productType = "com.apple.product-type.application";
		};
		418B3B971EB8E35400D05CB6 /* ShareATextbookTests */ = {
			isa = PBXNativeTarget;
			buildConfigurationList = 418B3BAF1EB8E35400D05CB6 /* Build configuration list for PBXNativeTarget "ShareATextbookTests" */;
			buildPhases = (
				418B3B941EB8E35400D05CB6 /* Sources */,
				418B3B951EB8E35400D05CB6 /* Frameworks */,
				418B3B961EB8E35400D05CB6 /* Resources */,
			);
			buildRules = (
			);
			dependencies = (
				418B3B9A1EB8E35400D05CB6 /* PBXTargetDependency */,
			);
			name = ShareATextbookTests;
			productName = ShareATextbookTests;
			productReference = 418B3B981EB8E35400D05CB6 /* ShareATextbookTests.xctest */;
			productType = "com.apple.product-type.bundle.unit-test";
		};
		418B3BA21EB8E35400D05CB6 /* ShareATextbookUITests */ = {
			isa = PBXNativeTarget;
			buildConfigurationList = 418B3BB21EB8E35400D05CB6 /* Build configuration list for PBXNativeTarget "ShareATextbookUITests" */;
			buildPhases = (
				418B3B9F1EB8E35400D05CB6 /* Sources */,
				418B3BA01EB8E35400D05CB6 /* Frameworks */,
				418B3BA11EB8E35400D05CB6 /* Resources */,
			);
			buildRules = (
			);
			dependencies = (
				418B3BA51EB8E35400D05CB6 /* PBXTargetDependency */,
			);
			name = ShareATextbookUITests;
			productName = ShareATextbookUITests;
			productReference = 418B3BA31EB8E35400D05CB6 /* ShareATextbookUITests.xctest */;
			productType = "com.apple.product-type.bundle.ui-testing";
		};
/* End PBXNativeTarget section */

/* Begin PBXProject section */
		418B3B7C1EB8E35300D05CB6 /* Project object */ = {
			isa = PBXProject;
			attributes = {
				LastSwiftUpdateCheck = 0830;
				LastUpgradeCheck = 0830;
				ORGANIZATIONNAME = natashahjy;
				TargetAttributes = {
					418B3B831EB8E35300D05CB6 = {
						CreatedOnToolsVersion = 8.3.1;
						ProvisioningStyle = Automatic;
					};
					418B3B971EB8E35400D05CB6 = {
						CreatedOnToolsVersion = 8.3.1;
						DevelopmentTeam = 5Z6FLXW2PN;
						ProvisioningStyle = Automatic;
						TestTargetID = 418B3B831EB8E35300D05CB6;
					};
					418B3BA21EB8E35400D05CB6 = {
						CreatedOnToolsVersion = 8.3.1;
						DevelopmentTeam = 5Z6FLXW2PN;
						ProvisioningStyle = Automatic;
						TestTargetID = 418B3B831EB8E35300D05CB6;
					};
				};
			};
			buildConfigurationList = 418B3B7F1EB8E35300D05CB6 /* Build configuration list for PBXProject "ShareATextbook" */;
			compatibilityVersion = "Xcode 3.2";
			developmentRegion = English;
			hasScannedForEncodings = 0;
			knownRegions = (
				en,
				Base,
			);
			mainGroup = 418B3B7B1EB8E35200D05CB6;
			productRefGroup = 418B3B851EB8E35300D05CB6 /* Products */;
			projectDirPath = "";
			projectRoot = "";
			targets = (
				418B3B831EB8E35300D05CB6 /* ShareATextbook */,
				418B3B971EB8E35400D05CB6 /* ShareATextbookTests */,
				418B3BA21EB8E35400D05CB6 /* ShareATextbookUITests */,
			);
		};
/* End PBXProject section */

/* Begin PBXResourcesBuildPhase section */
		418B3B821EB8E35300D05CB6 /* Resources */ = {
			isa = PBXResourcesBuildPhase;
			buildActionMask = 2147483647;
			files = (
				418B3B921EB8E35400D05CB6 /* LaunchScreen.storyboard in Resources */,
				51F824FF1EDD43F8004BE4F7 /* Upload.storyboard in Resources */,
				418B3B8F1EB8E35400D05CB6 /* Assets.xcassets in Resources */,
				418B3B8D1EB8E35400D05CB6 /* Main.storyboard in Resources */,
			);
			runOnlyForDeploymentPostprocessing = 0;
		};
		418B3B961EB8E35400D05CB6 /* Resources */ = {
			isa = PBXResourcesBuildPhase;
			buildActionMask = 2147483647;
			files = (
			);
			runOnlyForDeploymentPostprocessing = 0;
		};
		418B3BA11EB8E35400D05CB6 /* Resources */ = {
			isa = PBXResourcesBuildPhase;
			buildActionMask = 2147483647;
			files = (
			);
			runOnlyForDeploymentPostprocessing = 0;
		};
/* End PBXResourcesBuildPhase section */

/* Begin PBXSourcesBuildPhase section */
		418B3B801EB8E35300D05CB6 /* Sources */ = {
			isa = PBXSourcesBuildPhase;
			buildActionMask = 2147483647;
			files = (
				418B3B8A1EB8E35300D05CB6 /* ViewController.swift in Sources */,
				418B3B881EB8E35300D05CB6 /* AppDelegate.swift in Sources */,
			);
			runOnlyForDeploymentPostprocessing = 0;
		};
		418B3B941EB8E35400D05CB6 /* Sources */ = {
			isa = PBXSourcesBuildPhase;
			buildActionMask = 2147483647;
			files = (
				418B3B9D1EB8E35400D05CB6 /* ShareATextbookTests.swift in Sources */,
			);
			runOnlyForDeploymentPostprocessing = 0;
		};
		418B3B9F1EB8E35400D05CB6 /* Sources */ = {
			isa = PBXSourcesBuildPhase;
			buildActionMask = 2147483647;
			files = (
				418B3BA81EB8E35400D05CB6 /* ShareATextbookUITests.swift in Sources */,
			);
			runOnlyForDeploymentPostprocessing = 0;
		};
/* End PBXSourcesBuildPhase section */

/* Begin PBXTargetDependency section */
		418B3B9A1EB8E35400D05CB6 /* PBXTargetDependency */ = {
			isa = PBXTargetDependency;
			target = 418B3B831EB8E35300D05CB6 /* ShareATextbook */;
			targetProxy = 418B3B991EB8E35400D05CB6 /* PBXContainerItemProxy */;
		};
		418B3BA51EB8E35400D05CB6 /* PBXTargetDependency */ = {
			isa = PBXTargetDependency;
			target = 418B3B831EB8E35300D05CB6 /* ShareATextbook */;
			targetProxy = 418B3BA41EB8E35400D05CB6 /* PBXContainerItemProxy */;
		};
/* End PBXTargetDependency section */

/* Begin PBXVariantGroup section */
		418B3B8B1EB8E35400D05CB6 /* Main.storyboard */ = {
			isa = PBXVariantGroup;
			children = (
				418B3B8C1EB8E35400D05CB6 /* Base */,
			);
			name = Main.storyboard;
			sourceTree = "<group>";
		};
		418B3B901EB8E35400D05CB6 /* LaunchScreen.storyboard */ = {
			isa = PBXVariantGroup;
			children = (
				418B3B911EB8E35400D05CB6 /* Base */,
			);
			name = LaunchScreen.storyboard;
			sourceTree = "<group>";
		};
/* End PBXVariantGroup section */

/* Begin XCBuildConfiguration section */
		418B3BAA1EB8E35400D05CB6 /* Debug */ = {
			isa = XCBuildConfiguration;
			buildSettings = {
				ALWAYS_SEARCH_USER_PATHS = NO;
				CLANG_ANALYZER_NONNULL = YES;
				CLANG_ANALYZER_NUMBER_OBJECT_CONVERSION = YES_AGGRESSIVE;
				CLANG_CXX_LANGUAGE_STANDARD = "gnu++0x";
				CLANG_CXX_LIBRARY = "libc++";
				CLANG_ENABLE_MODULES = YES;
				CLANG_ENABLE_OBJC_ARC = YES;
				CLANG_WARN_BOOL_CONVERSION = YES;
				CLANG_WARN_CONSTANT_CONVERSION = YES;
				CLANG_WARN_DIRECT_OBJC_ISA_USAGE = YES_ERROR;
				CLANG_WARN_DOCUMENTATION_COMMENTS = YES;
				CLANG_WARN_EMPTY_BODY = YES;
				CLANG_WARN_ENUM_CONVERSION = YES;
				CLANG_WARN_INFINITE_RECURSION = YES;
				CLANG_WARN_INT_CONVERSION = YES;
				CLANG_WARN_OBJC_ROOT_CLASS = YES_ERROR;
				CLANG_WARN_SUSPICIOUS_MOVE = YES;
				CLANG_WARN_UNREACHABLE_CODE = YES;
				CLANG_WARN__DUPLICATE_METHOD_MATCH = YES;
				"CODE_SIGN_IDENTITY[sdk=iphoneos*]" = "iPhone Developer";
				COPY_PHASE_STRIP = NO;
				DEBUG_INFORMATION_FORMAT = dwarf;
				ENABLE_STRICT_OBJC_MSGSEND = YES;
				ENABLE_TESTABILITY = YES;
				GCC_C_LANGUAGE_STANDARD = gnu99;
				GCC_DYNAMIC_NO_PIC = NO;
				GCC_NO_COMMON_BLOCKS = YES;
				GCC_OPTIMIZATION_LEVEL = 0;
				GCC_PREPROCESSOR_DEFINITIONS = (
					"DEBUG=1",
					"$(inherited)",
				);
				GCC_WARN_64_TO_32_BIT_CONVERSION = YES;
				GCC_WARN_ABOUT_RETURN_TYPE = YES_ERROR;
				GCC_WARN_UNDECLARED_SELECTOR = YES;
				GCC_WARN_UNINITIALIZED_AUTOS = YES_AGGRESSIVE;
				GCC_WARN_UNUSED_FUNCTION = YES;
				GCC_WARN_UNUSED_VARIABLE = YES;
				IPHONEOS_DEPLOYMENT_TARGET = 10.3;
				MTL_ENABLE_DEBUG_INFO = YES;
				ONLY_ACTIVE_ARCH = YES;
				SDKROOT = iphoneos;
				SWIFT_ACTIVE_COMPILATION_CONDITIONS = DEBUG;
				SWIFT_OPTIMIZATION_LEVEL = "-Onone";
				TARGETED_DEVICE_FAMILY = "1,2";
			};
			name = Debug;
		};
		418B3BAB1EB8E35400D05CB6 /* Release */ = {
			isa = XCBuildConfiguration;
			buildSettings = {
				ALWAYS_SEARCH_USER_PATHS = NO;
				CLANG_ANALYZER_NONNULL = YES;
				CLANG_ANALYZER_NUMBER_OBJECT_CONVERSION = YES_AGGRESSIVE;
				CLANG_CXX_LANGUAGE_STANDARD = "gnu++0x";
				CLANG_CXX_LIBRARY = "libc++";
				CLANG_ENABLE_MODULES = YES;
				CLANG_ENABLE_OBJC_ARC = YES;
				CLANG_WARN_BOOL_CONVERSION = YES;
				CLANG_WARN_CONSTANT_CONVERSION = YES;
				CLANG_WARN_DIRECT_OBJC_ISA_USAGE = YES_ERROR;
				CLANG_WARN_DOCUMENTATION_COMMENTS = YES;
				CLANG_WARN_EMPTY_BODY = YES;
				CLANG_WARN_ENUM_CONVERSION = YES;
				CLANG_WARN_INFINITE_RECURSION = YES;
				CLANG_WARN_INT_CONVERSION = YES;
				CLANG_WARN_OBJC_ROOT_CLASS = YES_ERROR;
				CLANG_WARN_SUSPICIOUS_MOVE = YES;
				CLANG_WARN_UNREACHABLE_CODE = YES;
				CLANG_WARN__DUPLICATE_METHOD_MATCH = YES;
				"CODE_SIGN_IDENTITY[sdk=iphoneos*]" = "iPhone Developer";
				COPY_PHASE_STRIP = NO;
				DEBUG_INFORMATION_FORMAT = "dwarf-with-dsym";
				ENABLE_NS_ASSERTIONS = NO;
				ENABLE_STRICT_OBJC_MSGSEND = YES;
				GCC_C_LANGUAGE_STANDARD = gnu99;
				GCC_NO_COMMON_BLOCKS = YES;
				GCC_WARN_64_TO_32_BIT_CONVERSION = YES;
				GCC_WARN_ABOUT_RETURN_TYPE = YES_ERROR;
				GCC_WARN_UNDECLARED_SELECTOR = YES;
				GCC_WARN_UNINITIALIZED_AUTOS = YES_AGGRESSIVE;
				GCC_WARN_UNUSED_FUNCTION = YES;
				GCC_WARN_UNUSED_VARIABLE = YES;
				IPHONEOS_DEPLOYMENT_TARGET = 10.3;
				MTL_ENABLE_DEBUG_INFO = NO;
				SDKROOT = iphoneos;
				SWIFT_OPTIMIZATION_LEVEL = "-Owholemodule";
				TARGETED_DEVICE_FAMILY = "1,2";
				VALIDATE_PRODUCT = YES;
			};
			name = Release;
		};
		418B3BAD1EB8E35400D05CB6 /* Debug */ = {
			isa = XCBuildConfiguration;
			buildSettings = {
				ASSETCATALOG_COMPILER_APPICON_NAME = AppIcon;
				DEVELOPMENT_TEAM = "";
				INFOPLIST_FILE = ShareATextbook/Info.plist;
				LD_RUNPATH_SEARCH_PATHS = "$(inherited) @executable_path/Frameworks";
				PRODUCT_BUNDLE_IDENTIFIER = nyp.ShareATextbook;
				PRODUCT_NAME = "$(TARGET_NAME)";
				SWIFT_VERSION = 3.0;
			};
			name = Debug;
		};
		418B3BAE1EB8E35400D05CB6 /* Release */ = {
			isa = XCBuildConfiguration;
			buildSettings = {
				ASSETCATALOG_COMPILER_APPICON_NAME = AppIcon;
				DEVELOPMENT_TEAM = "";
				INFOPLIST_FILE = ShareATextbook/Info.plist;
				LD_RUNPATH_SEARCH_PATHS = "$(inherited) @executable_path/Frameworks";
				PRODUCT_BUNDLE_IDENTIFIER = nyp.ShareATextbook;
				PRODUCT_NAME = "$(TARGET_NAME)";
				SWIFT_VERSION = 3.0;
			};
			name = Release;
		};
		418B3BB01EB8E35400D05CB6 /* Debug */ = {
			isa = XCBuildConfiguration;
			buildSettings = {
				ALWAYS_EMBED_SWIFT_STANDARD_LIBRARIES = YES;
				BUNDLE_LOADER = "$(TEST_HOST)";
				DEVELOPMENT_TEAM = 5Z6FLXW2PN;
				INFOPLIST_FILE = ShareATextbookTests/Info.plist;
				LD_RUNPATH_SEARCH_PATHS = "$(inherited) @executable_path/Frameworks @loader_path/Frameworks";
				PRODUCT_BUNDLE_IDENTIFIER = nyp.ShareATextbookTests;
				PRODUCT_NAME = "$(TARGET_NAME)";
				SWIFT_VERSION = 3.0;
				TEST_HOST = "$(BUILT_PRODUCTS_DIR)/ShareATextbook.app/ShareATextbook";
			};
			name = Debug;
		};
		418B3BB11EB8E35400D05CB6 /* Release */ = {
			isa = XCBuildConfiguration;
			buildSettings = {
				ALWAYS_EMBED_SWIFT_STANDARD_LIBRARIES = YES;
				BUNDLE_LOADER = "$(TEST_HOST)";
				DEVELOPMENT_TEAM = 5Z6FLXW2PN;
				INFOPLIST_FILE = ShareATextbookTests/Info.plist;
				LD_RUNPATH_SEARCH_PATHS = "$(inherited) @executable_path/Frameworks @loader_path/Frameworks";
				PRODUCT_BUNDLE_IDENTIFIER = nyp.ShareATextbookTests;
				PRODUCT_NAME = "$(TARGET_NAME)";
				SWIFT_VERSION = 3.0;
				TEST_HOST = "$(BUILT_PRODUCTS_DIR)/ShareATextbook.app/ShareATextbook";
			};
			name = Release;
		};
		418B3BB31EB8E35400D05CB6 /* Debug */ = {
			isa = XCBuildConfiguration;
			buildSettings = {
				ALWAYS_EMBED_SWIFT_STANDARD_LIBRARIES = YES;
				DEVELOPMENT_TEAM = 5Z6FLXW2PN;
				INFOPLIST_FILE = ShareATextbookUITests/Info.plist;
				LD_RUNPATH_SEARCH_PATHS = "$(inherited) @executable_path/Frameworks @loader_path/Frameworks";
				PRODUCT_BUNDLE_IDENTIFIER = nyp.ShareATextbookUITests;
				PRODUCT_NAME = "$(TARGET_NAME)";
				SWIFT_VERSION = 3.0;
				TEST_TARGET_NAME = ShareATextbook;
			};
			name = Debug;
		};
		418B3BB41EB8E35400D05CB6 /* Release */ = {
			isa = XCBuildConfiguration;
			buildSettings = {
				ALWAYS_EMBED_SWIFT_STANDARD_LIBRARIES = YES;
				DEVELOPMENT_TEAM = 5Z6FLXW2PN;
				INFOPLIST_FILE = ShareATextbookUITests/Info.plist;
				LD_RUNPATH_SEARCH_PATHS = "$(inherited) @executable_path/Frameworks @loader_path/Frameworks";
				PRODUCT_BUNDLE_IDENTIFIER = nyp.ShareATextbookUITests;
				PRODUCT_NAME = "$(TARGET_NAME)";
				SWIFT_VERSION = 3.0;
				TEST_TARGET_NAME = ShareATextbook;
			};
			name = Release;
		};
/* End XCBuildConfiguration section */

/* Begin XCConfigurationList section */
		418B3B7F1EB8E35300D05CB6 /* Build configuration list for PBXProject "ShareATextbook" */ = {
			isa = XCConfigurationList;
			buildConfigurations = (
				418B3BAA1EB8E35400D05CB6 /* Debug */,
				418B3BAB1EB8E35400D05CB6 /* Release */,
			);
			defaultConfigurationIsVisible = 0;
			defaultConfigurationName = Release;
		};
		418B3BAC1EB8E35400D05CB6 /* Build configuration list for PBXNativeTarget "ShareATextbook" */ = {
			isa = XCConfigurationList;
			buildConfigurations = (
				418B3BAD1EB8E35400D05CB6 /* Debug */,
				418B3BAE1EB8E35400D05CB6 /* Release */,
			);
			defaultConfigurationIsVisible = 0;
			defaultConfigurationName = Release;
		};
		418B3BAF1EB8E35400D05CB6 /* Build configuration list for PBXNativeTarget "ShareATextbookTests" */ = {
			isa = XCConfigurationList;
			buildConfigurations = (
				418B3BB01EB8E35400D05CB6 /* Debug */,
				418B3BB11EB8E35400D05CB6 /* Release */,
			);
			defaultConfigurationIsVisible = 0;
			defaultConfigurationName = Release;
		};
		418B3BB21EB8E35400D05CB6 /* Build configuration list for PBXNativeTarget "ShareATextbookUITests" */ = {
			isa = XCConfigurationList;
			buildConfigurations = (
				418B3BB31EB8E35400D05CB6 /* Debug */,
				418B3BB41EB8E35400D05CB6 /* Release */,
			);
			defaultConfigurationIsVisible = 0;
			defaultConfigurationName = Release;
		};
/* End XCConfigurationList section */
	};
	rootObject = 418B3B7C1EB8E35300D05CB6 /* Project object */;
}
